github.com/barbell-math/smoothbrain-bs v0.0.0-20250504072551-feab7facc14e h1:6eesV9rJ63fk2qBdSn+/O2xFOSqCOnQ4xG+H9Zo5Atg=
github.com/barbell-math/smoothbrain-bs v0.0.0-20250504072551-feab7facc14e/go.mod h1:FQWW2l1VFXaivWjczddZ565lW7JijYX9ox/lyA0rEBg=
github.com/barbell-math/smoothbrain-errs v0.0.0-20250425053108-4f68fa9ea8f4 h1:iOZaBxrd7mcAIlYFToMKks4Zpz53G8myP2MYGj80lZo=
github.com/barbell-math/smoothbrain-errs v0.0.0-20250425053108-4f68fa9ea8f4/go.mod h1:xAQh5elTwqnV61FPUSPRf+7a1AOtem0vEbt3CAqnLpQ=
github.com/barbell-math/smoothbrain-test v0.0.0-20250425205645-1b8de56049d2 h1:JY/yQt60Io+wmIB/o+hicyZ/tI/d9kyQDp6U2lJW8w0=
github.com/barbell-math/smoothbrain-test v0.0.0-20250425205645-1b8de56049d2/go.mod h1:kav5jFv/ROflLA3qbsbvlqfirRZxqg9nTTQXcrLrUlE=
